{
  "originHash" : "ccbc87b569af61e037e9a0213d844a427c5838adbd885b4ad35991b31dc17fdc",
  "pins" : [
    {
      "identity" : "swift-numerics",
      "kind" : "remoteSourceControl",
      "location" : "https://github.com/apple/swift-numerics",
      "state" : {
        "revision" : "0c0290ff6b24942dadb83a929ffaaa1481df04a2",
        "version" : "1.1.1"
      }
    },
    {
      "identity" : "swift-system",
      "kind" : "remoteSourceControl",
      "location" : "https://github.com/apple/swift-system",
      "state" : {
        "revision" : "7502b711c92a17741fa625d722b0ccbd595d8ed1",
        "version" : "1.7.2"
      }
    },
    {
      "identity" : "swift-terminal",
      "kind" : "remoteSourceControl",
      "location" : "https://github.com/minacle/swift-terminal",
      "state" : {
        "revision" : "1f45bc5860f008543cd9a718fb1e66920ef9411d"
      }
    },
    {
      "identity" : "swift-termios",
      "kind" : "remoteSourceControl",
      "location" : "https://github.com/minacle/swift-termios",
      "state" : {
        "revision" : "ea47a4863d918fb6acfc9ab285344a8185045d80",
        "version" : "1.0.0"
      }
    },
    {
      "identity" : "swift-tui",
      "kind" : "remoteSourceControl",
      "location" : "https://github.com/minacle/swift-tui",
      "state" : {
        "branch" : "main",
        "revision" : "9f6e154be7767a330421d1392ec2c8c42fb6b3e2"
      }
    }
  ],
  "version" : 3
}
